<?xml version="1.0" encoding="utf-8"?>
<Project ToolsVersion="4.0" xmlns="http://schemas.microsoft.com/developer/msbuild/2003">
  <ItemGroup>
    <Filter Include="src">
      <UniqueIdentifier>{67925d2e-af5a-4e68-87aa-4dc371035a53}</UniqueIdentifier>
    </Filter>
    <Filter Include="src\lib">
      <UniqueIdentifier>{1cd9b79f-844e-41cc-8155-43932d7e932b}</UniqueIdentifier>
    </Filter>
    <Filter Include="src\lib\regex-parser">
      <UniqueIdentifier>{32cb60c0-ebda-4fc1-aaa1-5297b716540a}</UniqueIdentifier>
    </Filter>
    <Filter Include="src\c_language">
      <UniqueIdentifier>{c75c4739-439e-4cba-ab8f-f73a8e93eb08}</UniqueIdentifier>
    </Filter>
    <Filter Include="src\impl">
      <UniqueIdentifier>{2f448287-1639-4288-9866-180fadf0d93b}</UniqueIdentifier>
    </Filter>
    <Filter Include="src\intf">
      <UniqueIdentifier>{e162cd1e-bdfe-4df3-a432-e5f58949b2fc}</UniqueIdentifier>
    </Filter>
    <Filter Include="src\impl\tools">
      <UniqueIdentifier>{8c20c4e7-2f24-4ede-aadc-368a46ae2f3c}</UniqueIdentifier>
    </Filter>
    <Filter Include="src\impl\language">
      <UniqueIdentifier>{80932f87-a4a0-4469-ba29-48af79ac9a63}</UniqueIdentifier>
    </Filter>
  </ItemGroup>
  <ItemGroup>
    <ClCompile Include="..\..\..\src\lib\hashtable.cpp">
      <Filter>src\lib</Filter>
    </ClCompile>
    <ClCompile Include="..\..\..\src\lib\nametable.cpp">
      <Filter>src\lib</Filter>
    </ClCompile>
    <ClCompile Include="..\..\..\src\lib\stack.cpp">
      <Filter>src\lib</Filter>
    </ClCompile>
    <ClCompile Include="..\..\..\src\lib\string.cpp">
      <Filter>src\lib</Filter>
    </ClCompile>
    <ClCompile Include="..\..\..\src\lib\file.cpp">
      <Filter>src\lib</Filter>
    </ClCompile>
    <ClCompile Include="..\..\..\src\lib\osd_file.cpp">
      <Filter>src\lib</Filter>
    </ClCompile>
    <ClCompile Include="..\..\..\src\c_language\c_actions.cpp">
      <Filter>src\c_language</Filter>
    </ClCompile>
    <ClCompile Include="..\..\..\src\c_language\c_ast.cpp">
      <Filter>src\c_language</Filter>
    </ClCompile>
    <ClCompile Include="..\..\..\src\c_language\c_grammar.cpp">
      <Filter>src\c_language</Filter>
    </ClCompile>
    <ClCompile Include="..\..\..\src\c_language\c_hc_lexer.cpp">
      <Filter>src\c_language</Filter>
    </ClCompile>
    <ClCompile Include="..\..\..\src\c_language\c_language.cpp">
      <Filter>src\c_language</Filter>
    </ClCompile>
    <ClCompile Include="..\..\..\src\c_language\c_object.cpp">
      <Filter>src\c_language</Filter>
    </ClCompile>
    <ClCompile Include="..\..\..\src\c_language\c_scope.cpp">
      <Filter>src\c_language</Filter>
    </ClCompile>
    <ClCompile Include="..\..\..\src\c_language\c_statement.cpp">
      <Filter>src\c_language</Filter>
    </ClCompile>
    <ClCompile Include="..\..\..\src\c_language\c_symbol.cpp">
      <Filter>src\c_language</Filter>
    </ClCompile>
    <ClCompile Include="..\..\..\src\c_language\c_symboltype.cpp">
      <Filter>src\c_language</Filter>
    </ClCompile>
    <ClCompile Include="..\..\..\src\c_language\c_value.cpp">
      <Filter>src\c_language</Filter>
    </ClCompile>
    <ClCompile Include="..\..\..\src\impl\language\grammar.cpp">
      <Filter>src\impl\language</Filter>
    </ClCompile>
    <ClCompile Include="..\..\..\src\impl\language\production.cpp">
      <Filter>src\impl\language</Filter>
    </ClCompile>
    <ClCompile Include="..\..\..\src\impl\language\symbol.cpp">
      <Filter>src\impl\language</Filter>
    </ClCompile>
    <ClCompile Include="..\..\..\src\impl\defaultlexer.cpp">
      <Filter>src\impl</Filter>
    </ClCompile>
    <ClCompile Include="..\..\..\src\impl\grammaranalyzer.cpp">
      <Filter>src\impl</Filter>
    </ClCompile>
    <ClCompile Include="..\..\..\src\impl\languageparser.cpp">
      <Filter>src\impl</Filter>
    </ClCompile>
    <ClCompile Include="..\..\..\src\impl\state.cpp">
      <Filter>src\impl</Filter>
    </ClCompile>
    <ClCompile Include="..\..\..\src\impl\test.cpp">
      <Filter>src\impl</Filter>
    </ClCompile>
    <ClCompile Include="..\..\..\src\impl\tools\grammarbuilder.cpp">
      <Filter>src\impl\tools</Filter>
    </ClCompile>
  </ItemGroup>
  <ItemGroup>
    <ClInclude Include="..\..\..\src\lib\hashtable.h">
      <Filter>src\lib</Filter>
    </ClInclude>
    <ClInclude Include="..\..\..\src\lib\nametable.h">
      <Filter>src\lib</Filter>
    </ClInclude>
    <ClInclude Include="..\..\..\src\lib\stack.h">
      <Filter>src\lib</Filter>
    </ClInclude>
    <ClInclude Include="..\..\..\src\lib\string.h">
      <Filter>src\lib</Filter>
    </ClInclude>
    <ClInclude Include="..\..\..\src\lib\types.h">
      <Filter>src\lib</Filter>
    </ClInclude>
    <ClInclude Include="..\..\..\src\lib\regex-parser\Alphabet.h">
      <Filter>src\lib\regex-parser</Filter>
    </ClInclude>
    <ClInclude Include="..\..\..\src\lib\regex-parser\RegexMatcher.h">
      <Filter>src\lib\regex-parser</Filter>
    </ClInclude>
    <ClInclude Include="..\..\..\src\lib\osd_file.h">
      <Filter>src\lib</Filter>
    </ClInclude>
    <ClInclude Include="..\..\..\src\lib\file.h">
      <Filter>src\lib</Filter>
    </ClInclude>
    <ClInclude Include="..\..\..\src\c_language\c_actions_decl.h">
      <Filter>src\c_language</Filter>
    </ClInclude>
    <ClInclude Include="..\..\..\src\c_language\c_ast.h">
      <Filter>src\c_language</Filter>
    </ClInclude>
    <ClInclude Include="..\..\..\src\c_language\c_defs.h">
      <Filter>src\c_language</Filter>
    </ClInclude>
    <ClInclude Include="..\..\..\src\c_language\c_hc_lexer.h">
      <Filter>src\c_language</Filter>
    </ClInclude>
    <ClInclude Include="..\..\..\src\c_language\c_language.h">
      <Filter>src\c_language</Filter>
    </ClInclude>
    <ClInclude Include="..\..\..\src\c_language\c_object.h">
      <Filter>src\c_language</Filter>
    </ClInclude>
    <ClInclude Include="..\..\..\src\c_language\c_scope.h">
      <Filter>src\c_language</Filter>
    </ClInclude>
    <ClInclude Include="..\..\..\src\c_language\c_statement.h">
      <Filter>src\c_language</Filter>
    </ClInclude>
    <ClInclude Include="..\..\..\src\c_language\c_symbol.h">
      <Filter>src\c_language</Filter>
    </ClInclude>
    <ClInclude Include="..\..\..\src\c_language\c_symboltype.h">
      <Filter>src\c_language</Filter>
    </ClInclude>
    <ClInclude Include="..\..\..\src\c_language\c_value.h">
      <Filter>src\c_language</Filter>
    </ClInclude>
    <ClInclude Include="..\..\..\src\Grammar.h">
      <Filter>src</Filter>
    </ClInclude>
    <ClInclude Include="..\..\..\src\GrammarBuilder.h">
      <Filter>src</Filter>
    </ClInclude>
    <ClInclude Include="..\..\..\src\NonterminalSymbol.h">
      <Filter>src</Filter>
    </ClInclude>
    <ClInclude Include="..\..\..\src\Production.h">
      <Filter>src</Filter>
    </ClInclude>
    <ClInclude Include="..\..\..\src\Symbol.h">
      <Filter>src</Filter>
    </ClInclude>
    <ClInclude Include="..\..\..\src\TerminalSymbol.h">
      <Filter>src</Filter>
    </ClInclude>
    <ClInclude Include="..\..\..\src\Token.h">
      <Filter>src</Filter>
    </ClInclude>
    <ClInclude Include="..\..\..\src\Lexer.h">
      <Filter>src</Filter>
    </ClInclude>
    <ClInclude Include="..\..\..\src\ParsingContext.h">
      <Filter>src</Filter>
    </ClInclude>
    <ClInclude Include="..\..\..\src\impl\language\grammar.h">
      <Filter>src\impl\language</Filter>
    </ClInclude>
    <ClInclude Include="..\..\..\src\impl\language\language.h">
      <Filter>src\impl\language</Filter>
    </ClInclude>
    <ClInclude Include="..\..\..\src\impl\language\production.h">
      <Filter>src\impl\language</Filter>
    </ClInclude>
    <ClInclude Include="..\..\..\src\impl\language\symbol.h">
      <Filter>src\impl\language</Filter>
    </ClInclude>
    <ClInclude Include="..\..\..\src\impl\defaultlexer.h">
      <Filter>src\impl</Filter>
    </ClInclude>
    <ClInclude Include="..\..\..\src\impl\grammaranalyzer.h">
      <Filter>src\impl</Filter>
    </ClInclude>
    <ClInclude Include="..\..\..\src\impl\languageparser.h">
      <Filter>src\impl</Filter>
    </ClInclude>
    <ClInclude Include="..\..\..\src\impl\state.h">
      <Filter>src\impl</Filter>
    </ClInclude>
    <ClInclude Include="..\..\..\src\impl\tokenimpl.h">
      <Filter>src\impl</Filter>
    </ClInclude>
    <ClInclude Include="..\..\..\src\LanguageParser.h">
      <Filter>src</Filter>
    </ClInclude>
    <ClInclude Include="..\..\..\src\impl\grammarbuilder.h">
      <Filter>src\impl\language</Filter>
    </ClInclude>
    <ClInclude Include="..\..\..\src\impl\tools\grammarbuilder.h">
      <Filter>src\impl\tools</Filter>
    </ClInclude>
  </ItemGroup>
</Project>