<?xml version="1.0" encoding="utf-8"?>
<Project ToolsVersion="4.0" xmlns="http://schemas.microsoft.com/developer/msbuild/2003">
  <ItemGroup>
    <Filter Include="src">
      <UniqueIdentifier>{67925d2e-af5a-4e68-87aa-4dc371035a53}</UniqueIdentifier>
    </Filter>
    <Filter Include="src\lib">
      <UniqueIdentifier>{1cd9b79f-844e-41cc-8155-43932d7e932b}</UniqueIdentifier>
    </Filter>
    <Filter Include="src\lib\regex-parser">
      <UniqueIdentifier>{32cb60c0-ebda-4fc1-aaa1-5297b716540a}</UniqueIdentifier>
    </Filter>
    <Filter Include="src\impl">
      <UniqueIdentifier>{2f448287-1639-4288-9866-180fadf0d93b}</UniqueIdentifier>
    </Filter>
    <Filter Include="src\impl\language">
      <UniqueIdentifier>{80932f87-a4a0-4469-ba29-48af79ac9a63}</UniqueIdentifier>
    </Filter>
    <Filter Include="src\impl\parser">
      <UniqueIdentifier>{4fe46a22-ba59-431b-996a-89fe7816d3ad}</UniqueIdentifier>
    </Filter>
    <Filter Include="src\lib\lexer">
      <UniqueIdentifier>{facc116f-0e21-4cc9-b4ac-25718534532c}</UniqueIdentifier>
    </Filter>
    <Filter Include="src\impl\lexer">
      <UniqueIdentifier>{62112719-9e91-4624-b21f-d22ace23c39d}</UniqueIdentifier>
    </Filter>
    <Filter Include="src\impl\tools">
      <UniqueIdentifier>{8c20c4e7-2f24-4ede-aadc-368a46ae2f3c}</UniqueIdentifier>
    </Filter>
  </ItemGroup>
  <ItemGroup>
    <ClCompile Include="..\..\..\src\lib\hashtable.cpp">
      <Filter>src\lib</Filter>
    </ClCompile>
    <ClCompile Include="..\..\..\src\lib\nametable.cpp">
      <Filter>src\lib</Filter>
    </ClCompile>
    <ClCompile Include="..\..\..\src\lib\stack.cpp">
      <Filter>src\lib</Filter>
    </ClCompile>
    <ClCompile Include="..\..\..\src\lib\string.cpp">
      <Filter>src\lib</Filter>
    </ClCompile>
    <ClCompile Include="..\..\..\src\lib\file.cpp">
      <Filter>src\lib</Filter>
    </ClCompile>
    <ClCompile Include="..\..\..\src\lib\osd_file.cpp">
      <Filter>src\lib</Filter>
    </ClCompile>
    <ClCompile Include="..\..\..\src\impl\language\grammar.cpp">
      <Filter>src\impl\language</Filter>
    </ClCompile>
    <ClCompile Include="..\..\..\src\impl\language\production.cpp">
      <Filter>src\impl\language</Filter>
    </ClCompile>
    <ClCompile Include="..\..\..\src\impl\language\symbol.cpp">
      <Filter>src\impl\language</Filter>
    </ClCompile>
    <ClCompile Include="..\..\..\src\impl\test.cpp">
      <Filter>src\impl</Filter>
    </ClCompile>
    <ClCompile Include="..\..\..\src\impl\tools\grammarbuilder.cpp">
      <Filter>src\impl\tools</Filter>
    </ClCompile>
    <ClCompile Include="..\..\..\src\impl\parser\grammaranalyzer.cpp">
      <Filter>src\impl\parser</Filter>
    </ClCompile>
    <ClCompile Include="..\..\..\src\impl\parser\languageparser.cpp">
      <Filter>src\impl\parser</Filter>
    </ClCompile>
    <ClCompile Include="..\..\..\src\impl\parser\state.cpp">
      <Filter>src\impl\parser</Filter>
    </ClCompile>
    <ClCompile Include="..\..\..\src\impl\lexer\defaultlexer.cpp">
      <Filter>src\impl\lexer</Filter>
    </ClCompile>
  </ItemGroup>
  <ItemGroup>
    <ClInclude Include="..\..\..\src\lib\hashtable.h">
      <Filter>src\lib</Filter>
    </ClInclude>
    <ClInclude Include="..\..\..\src\lib\nametable.h">
      <Filter>src\lib</Filter>
    </ClInclude>
    <ClInclude Include="..\..\..\src\lib\stack.h">
      <Filter>src\lib</Filter>
    </ClInclude>
    <ClInclude Include="..\..\..\src\lib\string.h">
      <Filter>src\lib</Filter>
    </ClInclude>
    <ClInclude Include="..\..\..\src\lib\types.h">
      <Filter>src\lib</Filter>
    </ClInclude>
    <ClInclude Include="..\..\..\src\lib\regex-parser\Alphabet.h">
      <Filter>src\lib\regex-parser</Filter>
    </ClInclude>
    <ClInclude Include="..\..\..\src\lib\regex-parser\RegexMatcher.h">
      <Filter>src\lib\regex-parser</Filter>
    </ClInclude>
    <ClInclude Include="..\..\..\src\lib\osd_file.h">
      <Filter>src\lib</Filter>
    </ClInclude>
    <ClInclude Include="..\..\..\src\lib\file.h">
      <Filter>src\lib</Filter>
    </ClInclude>
    <ClInclude Include="..\..\..\src\Grammar.h">
      <Filter>src</Filter>
    </ClInclude>
    <ClInclude Include="..\..\..\src\GrammarBuilder.h">
      <Filter>src</Filter>
    </ClInclude>
    <ClInclude Include="..\..\..\src\Production.h">
      <Filter>src</Filter>
    </ClInclude>
    <ClInclude Include="..\..\..\src\Symbol.h">
      <Filter>src</Filter>
    </ClInclude>
    <ClInclude Include="..\..\..\src\ParsingContext.h">
      <Filter>src</Filter>
    </ClInclude>
    <ClInclude Include="..\..\..\src\impl\language\grammar.h">
      <Filter>src\impl\language</Filter>
    </ClInclude>
    <ClInclude Include="..\..\..\src\impl\language\production.h">
      <Filter>src\impl\language</Filter>
    </ClInclude>
    <ClInclude Include="..\..\..\src\impl\language\symbol.h">
      <Filter>src\impl\language</Filter>
    </ClInclude>
    <ClInclude Include="..\..\..\src\LanguageParser.h">
      <Filter>src</Filter>
    </ClInclude>
    <ClInclude Include="..\..\..\src\impl\tools\grammarbuilder.h">
      <Filter>src\impl\tools</Filter>
    </ClInclude>
    <ClInclude Include="..\..\..\src\lexer\Lexer.h">
      <Filter>src\lib\lexer</Filter>
    </ClInclude>
    <ClInclude Include="..\..\..\src\lexer\Token.h">
      <Filter>src\lib\lexer</Filter>
    </ClInclude>
    <ClInclude Include="..\..\..\src\impl\parser\grammaranalyzer.h">
      <Filter>src\impl\parser</Filter>
    </ClInclude>
    <ClInclude Include="..\..\..\src\impl\parser\languageparser.h">
      <Filter>src\impl\parser</Filter>
    </ClInclude>
    <ClInclude Include="..\..\..\src\impl\parser\state.h">
      <Filter>src\impl\parser</Filter>
    </ClInclude>
    <ClInclude Include="..\..\..\src\impl\lexer\defaultlexer.h">
      <Filter>src\impl\lexer</Filter>
    </ClInclude>
    <ClInclude Include="..\..\..\src\impl\lexer\token.h">
      <Filter>src\impl\lexer</Filter>
    </ClInclude>
  </ItemGroup>
</Project>