<?xml version="1.0" encoding="utf-8"?>
<Project ToolsVersion="4.0" xmlns="http://schemas.microsoft.com/developer/msbuild/2003">
  <ItemGroup>
    <Filter Include="Source Files">
      <UniqueIdentifier>{4FC737F1-C7A5-4376-A066-2A32D752A2FF}</UniqueIdentifier>
      <Extensions>cpp;c;cc;cxx;def;odl;idl;hpj;bat;asm;asmx</Extensions>
    </Filter>
    <Filter Include="Header Files">
      <UniqueIdentifier>{93995380-89BD-4b04-88EB-625FBE52EBFB}</UniqueIdentifier>
      <Extensions>h;hh;hpp;hxx;hm;inl;inc;xsd</Extensions>
    </Filter>
    <Filter Include="Resource Files">
      <UniqueIdentifier>{67DA6AB6-F800-4c08-8B7A-83BB121AAD01}</UniqueIdentifier>
      <Extensions>rc;ico;cur;bmp;dlg;rc2;rct;bin;rgs;gif;jpg;jpeg;jpe;resx;tiff;tif;png;wav;mfcribbon-ms</Extensions>
    </Filter>
    <Filter Include="c_language">
      <UniqueIdentifier>{320783a0-7990-4e87-b14a-a9313a848cd1}</UniqueIdentifier>
    </Filter>
    <Filter Include="src">
      <UniqueIdentifier>{aaf32ecd-d667-4c5d-a8ce-7acbb0416d27}</UniqueIdentifier>
    </Filter>
    <Filter Include="src\lib">
      <UniqueIdentifier>{4b216ce0-b011-4cd8-96bd-4c307d3d3e08}</UniqueIdentifier>
    </Filter>
    <Filter Include="regex_parser_engine">
      <UniqueIdentifier>{8487e5d1-ce41-4005-99a5-8a26adc75819}</UniqueIdentifier>
    </Filter>
    <Filter Include="regex_parser_engine\util">
      <UniqueIdentifier>{ce8765a9-0801-4363-853b-bdb3d147eb94}</UniqueIdentifier>
    </Filter>
  </ItemGroup>
  <ItemGroup>
    <ClCompile Include="c_language\c_actions.cpp">
      <Filter>c_language</Filter>
    </ClCompile>
    <ClCompile Include="c_language\c_ast.cpp">
      <Filter>c_language</Filter>
    </ClCompile>
    <ClCompile Include="c_language\c_grammar.cpp">
      <Filter>c_language</Filter>
    </ClCompile>
    <ClCompile Include="c_language\c_hc_lexer.cpp">
      <Filter>c_language</Filter>
    </ClCompile>
    <ClCompile Include="c_language\c_language.cpp">
      <Filter>c_language</Filter>
    </ClCompile>
    <ClCompile Include="c_language\c_object.cpp">
      <Filter>c_language</Filter>
    </ClCompile>
    <ClCompile Include="c_language\c_scope.cpp">
      <Filter>c_language</Filter>
    </ClCompile>
    <ClCompile Include="c_language\c_statement.cpp">
      <Filter>c_language</Filter>
    </ClCompile>
    <ClCompile Include="c_language\c_symbol.cpp">
      <Filter>c_language</Filter>
    </ClCompile>
    <ClCompile Include="c_language\c_symboltype.cpp">
      <Filter>c_language</Filter>
    </ClCompile>
    <ClCompile Include="c_language\c_value.cpp">
      <Filter>c_language</Filter>
    </ClCompile>
    <ClCompile Include="src\lib\hashtable.cpp">
      <Filter>src\lib</Filter>
    </ClCompile>
    <ClCompile Include="src\lib\nametable.cpp">
      <Filter>src\lib</Filter>
    </ClCompile>
    <ClCompile Include="src\lib\stack.cpp">
      <Filter>src\lib</Filter>
    </ClCompile>
    <ClCompile Include="src\lib\string.cpp">
      <Filter>src\lib</Filter>
    </ClCompile>
    <ClCompile Include="file.cpp">
      <Filter>Source Files</Filter>
    </ClCompile>
    <ClCompile Include="src\grammar.cpp">
      <Filter>src</Filter>
    </ClCompile>
    <ClCompile Include="src\state.cpp">
      <Filter>src</Filter>
    </ClCompile>
    <ClCompile Include="test.cpp">
      <Filter>Source Files</Filter>
    </ClCompile>
    <ClCompile Include="osd_file.cpp">
      <Filter>Source Files</Filter>
    </ClCompile>
    <ClCompile Include="src\symbol.cpp">
      <Filter>src</Filter>
    </ClCompile>
    <ClCompile Include="src\production.cpp">
      <Filter>src</Filter>
    </ClCompile>
    <ClCompile Include="src\grammaranalyzer.cpp">
      <Filter>src</Filter>
    </ClCompile>
    <ClCompile Include="src\defaultlexer.cpp">
      <Filter>src</Filter>
    </ClCompile>
    <ClCompile Include="..\..\regex_parser_engine\regex_parser_engine\src\AsciiAlphabet.cpp">
      <Filter>regex_parser_engine</Filter>
    </ClCompile>
    <ClCompile Include="..\..\regex_parser_engine\regex_parser_engine\src\DFA.cpp">
      <Filter>regex_parser_engine</Filter>
    </ClCompile>
    <ClCompile Include="..\..\regex_parser_engine\regex_parser_engine\src\FSM.cpp">
      <Filter>regex_parser_engine</Filter>
    </ClCompile>
    <ClCompile Include="..\..\regex_parser_engine\regex_parser_engine\src\NFA.cpp">
      <Filter>regex_parser_engine</Filter>
    </ClCompile>
    <ClCompile Include="..\..\regex_parser_engine\regex_parser_engine\src\RegexMatcher.cpp">
      <Filter>regex_parser_engine</Filter>
    </ClCompile>
    <ClCompile Include="..\..\regex_parser_engine\regex_parser_engine\src\RegexParser.cpp">
      <Filter>regex_parser_engine</Filter>
    </ClCompile>
  </ItemGroup>
  <ItemGroup>
    <ClInclude Include="c_language\c_actions_decl.h">
      <Filter>c_language</Filter>
    </ClInclude>
    <ClInclude Include="c_language\c_ast.h">
      <Filter>c_language</Filter>
    </ClInclude>
    <ClInclude Include="c_language\c_defs.h">
      <Filter>c_language</Filter>
    </ClInclude>
    <ClInclude Include="c_language\c_language.h">
      <Filter>c_language</Filter>
    </ClInclude>
    <ClInclude Include="c_language\c_object.h">
      <Filter>c_language</Filter>
    </ClInclude>
    <ClInclude Include="c_language\c_scope.h">
      <Filter>c_language</Filter>
    </ClInclude>
    <ClInclude Include="c_language\c_statement.h">
      <Filter>c_language</Filter>
    </ClInclude>
    <ClInclude Include="c_language\c_symbol.h">
      <Filter>c_language</Filter>
    </ClInclude>
    <ClInclude Include="c_language\c_symboltype.h">
      <Filter>c_language</Filter>
    </ClInclude>
    <ClInclude Include="c_language\c_value.h">
      <Filter>c_language</Filter>
    </ClInclude>
    <ClInclude Include="src\lib\hashtable.h">
      <Filter>src\lib</Filter>
    </ClInclude>
    <ClInclude Include="src\lib\nametable.h">
      <Filter>src\lib</Filter>
    </ClInclude>
    <ClInclude Include="src\lib\stack.h">
      <Filter>src\lib</Filter>
    </ClInclude>
    <ClInclude Include="src\lib\string.h">
      <Filter>src\lib</Filter>
    </ClInclude>
    <ClInclude Include="src\lib\types.h">
      <Filter>src\lib</Filter>
    </ClInclude>
    <ClInclude Include="src\state.h">
      <Filter>src</Filter>
    </ClInclude>
    <ClInclude Include="src\grammar.h">
      <Filter>src</Filter>
    </ClInclude>
    <ClInclude Include="file.h">
      <Filter>Source Files</Filter>
    </ClInclude>
    <ClInclude Include="osd_file.h">
      <Filter>Source Files</Filter>
    </ClInclude>
    <ClInclude Include="src\symbol.h">
      <Filter>src</Filter>
    </ClInclude>
    <ClInclude Include="src\production.h">
      <Filter>src</Filter>
    </ClInclude>
    <ClInclude Include="src\grammaranalyzer.h">
      <Filter>src</Filter>
    </ClInclude>
    <ClInclude Include="src\lexer.h">
      <Filter>src</Filter>
    </ClInclude>
    <ClInclude Include="src\defaultlexer.h">
      <Filter>src</Filter>
    </ClInclude>
    <ClInclude Include="c_language\c_hc_lexer.h">
      <Filter>c_language</Filter>
    </ClInclude>
    <ClInclude Include="..\..\regex_parser_engine\regex_parser_engine\src\Alphabet.h">
      <Filter>regex_parser_engine</Filter>
    </ClInclude>
    <ClInclude Include="..\..\regex_parser_engine\regex_parser_engine\src\AsciiAlphabet.h">
      <Filter>regex_parser_engine</Filter>
    </ClInclude>
    <ClInclude Include="..\..\regex_parser_engine\regex_parser_engine\src\DFA.h">
      <Filter>regex_parser_engine</Filter>
    </ClInclude>
    <ClInclude Include="..\..\regex_parser_engine\regex_parser_engine\src\FSM.h">
      <Filter>regex_parser_engine</Filter>
    </ClInclude>
    <ClInclude Include="..\..\regex_parser_engine\regex_parser_engine\src\NFA.h">
      <Filter>regex_parser_engine</Filter>
    </ClInclude>
    <ClInclude Include="..\..\regex_parser_engine\regex_parser_engine\src\RegexMatcher.h">
      <Filter>regex_parser_engine</Filter>
    </ClInclude>
    <ClInclude Include="..\..\regex_parser_engine\regex_parser_engine\src\RegexNode.h">
      <Filter>regex_parser_engine</Filter>
    </ClInclude>
    <ClInclude Include="..\..\regex_parser_engine\regex_parser_engine\src\RegexParser.h">
      <Filter>regex_parser_engine</Filter>
    </ClInclude>
    <ClInclude Include="..\..\regex_parser_engine\regex_parser_engine\src\State.h">
      <Filter>regex_parser_engine</Filter>
    </ClInclude>
    <ClInclude Include="..\..\regex_parser_engine\regex_parser_engine\src\utils\bitset.h">
      <Filter>regex_parser_engine\util</Filter>
    </ClInclude>
  </ItemGroup>
</Project>