<?xml version="1.0" encoding="utf-8"?>
<Project ToolsVersion="4.0" xmlns="http://schemas.microsoft.com/developer/msbuild/2003">
  <ItemGroup>
    <Filter Include="Source Files">
      <UniqueIdentifier>{4FC737F1-C7A5-4376-A066-2A32D752A2FF}</UniqueIdentifier>
      <Extensions>cpp;c;cc;cxx;def;odl;idl;hpj;bat;asm;asmx</Extensions>
    </Filter>
    <Filter Include="c_language">
      <UniqueIdentifier>{320783a0-7990-4e87-b14a-a9313a848cd1}</UniqueIdentifier>
    </Filter>
    <Filter Include="src">
      <UniqueIdentifier>{aaf32ecd-d667-4c5d-a8ce-7acbb0416d27}</UniqueIdentifier>
    </Filter>
    <Filter Include="src\lib">
      <UniqueIdentifier>{4b216ce0-b011-4cd8-96bd-4c307d3d3e08}</UniqueIdentifier>
    </Filter>
    <Filter Include="src\language">
      <UniqueIdentifier>{cda3ad10-5dd3-4db8-aaef-362bf6d9b81f}</UniqueIdentifier>
    </Filter>
    <Filter Include="src\lib\regex-parser">
      <UniqueIdentifier>{6699a82b-c2bb-4ba3-92bf-ad6b6f5574f0}</UniqueIdentifier>
    </Filter>
  </ItemGroup>
  <ItemGroup>
    <ClCompile Include="c_language\c_actions.cpp">
      <Filter>c_language</Filter>
    </ClCompile>
    <ClCompile Include="c_language\c_ast.cpp">
      <Filter>c_language</Filter>
    </ClCompile>
    <ClCompile Include="c_language\c_grammar.cpp">
      <Filter>c_language</Filter>
    </ClCompile>
    <ClCompile Include="c_language\c_hc_lexer.cpp">
      <Filter>c_language</Filter>
    </ClCompile>
    <ClCompile Include="c_language\c_language.cpp">
      <Filter>c_language</Filter>
    </ClCompile>
    <ClCompile Include="c_language\c_object.cpp">
      <Filter>c_language</Filter>
    </ClCompile>
    <ClCompile Include="c_language\c_scope.cpp">
      <Filter>c_language</Filter>
    </ClCompile>
    <ClCompile Include="c_language\c_statement.cpp">
      <Filter>c_language</Filter>
    </ClCompile>
    <ClCompile Include="c_language\c_symbol.cpp">
      <Filter>c_language</Filter>
    </ClCompile>
    <ClCompile Include="c_language\c_symboltype.cpp">
      <Filter>c_language</Filter>
    </ClCompile>
    <ClCompile Include="c_language\c_value.cpp">
      <Filter>c_language</Filter>
    </ClCompile>
    <ClCompile Include="src\lib\hashtable.cpp">
      <Filter>src\lib</Filter>
    </ClCompile>
    <ClCompile Include="src\lib\nametable.cpp">
      <Filter>src\lib</Filter>
    </ClCompile>
    <ClCompile Include="src\lib\stack.cpp">
      <Filter>src\lib</Filter>
    </ClCompile>
    <ClCompile Include="file.cpp">
      <Filter>Source Files</Filter>
    </ClCompile>
    <ClCompile Include="src\state.cpp">
      <Filter>src</Filter>
    </ClCompile>
    <ClCompile Include="test.cpp">
      <Filter>Source Files</Filter>
    </ClCompile>
    <ClCompile Include="osd_file.cpp">
      <Filter>Source Files</Filter>
    </ClCompile>
    <ClCompile Include="src\grammaranalyzer.cpp">
      <Filter>src</Filter>
    </ClCompile>
    <ClCompile Include="src\defaultlexer.cpp">
      <Filter>src</Filter>
    </ClCompile>
    <ClCompile Include="src\languageparser.cpp">
      <Filter>src</Filter>
    </ClCompile>
    <ClCompile Include="src\language\grammar.cpp">
      <Filter>src\language</Filter>
    </ClCompile>
    <ClCompile Include="src\language\production.cpp">
      <Filter>src\language</Filter>
    </ClCompile>
    <ClCompile Include="src\language\symbol.cpp">
      <Filter>src\language</Filter>
    </ClCompile>
  </ItemGroup>
  <ItemGroup>
    <ClInclude Include="c_language\c_actions_decl.h">
      <Filter>c_language</Filter>
    </ClInclude>
    <ClInclude Include="c_language\c_ast.h">
      <Filter>c_language</Filter>
    </ClInclude>
    <ClInclude Include="c_language\c_defs.h">
      <Filter>c_language</Filter>
    </ClInclude>
    <ClInclude Include="c_language\c_language.h">
      <Filter>c_language</Filter>
    </ClInclude>
    <ClInclude Include="c_language\c_object.h">
      <Filter>c_language</Filter>
    </ClInclude>
    <ClInclude Include="c_language\c_scope.h">
      <Filter>c_language</Filter>
    </ClInclude>
    <ClInclude Include="c_language\c_statement.h">
      <Filter>c_language</Filter>
    </ClInclude>
    <ClInclude Include="c_language\c_symbol.h">
      <Filter>c_language</Filter>
    </ClInclude>
    <ClInclude Include="c_language\c_symboltype.h">
      <Filter>c_language</Filter>
    </ClInclude>
    <ClInclude Include="c_language\c_value.h">
      <Filter>c_language</Filter>
    </ClInclude>
    <ClInclude Include="src\lib\hashtable.h">
      <Filter>src\lib</Filter>
    </ClInclude>
    <ClInclude Include="src\lib\nametable.h">
      <Filter>src\lib</Filter>
    </ClInclude>
    <ClInclude Include="src\lib\stack.h">
      <Filter>src\lib</Filter>
    </ClInclude>
    <ClInclude Include="src\lib\types.h">
      <Filter>src\lib</Filter>
    </ClInclude>
    <ClInclude Include="src\state.h">
      <Filter>src</Filter>
    </ClInclude>
    <ClInclude Include="file.h">
      <Filter>Source Files</Filter>
    </ClInclude>
    <ClInclude Include="osd_file.h">
      <Filter>Source Files</Filter>
    </ClInclude>
    <ClInclude Include="src\grammaranalyzer.h">
      <Filter>src</Filter>
    </ClInclude>
    <ClInclude Include="src\lexer.h">
      <Filter>src</Filter>
    </ClInclude>
    <ClInclude Include="src\defaultlexer.h">
      <Filter>src</Filter>
    </ClInclude>
    <ClInclude Include="c_language\c_hc_lexer.h">
      <Filter>c_language</Filter>
    </ClInclude>
    <ClInclude Include="src\languageparser.h">
      <Filter>src</Filter>
    </ClInclude>
    <ClInclude Include="src\language\grammar.h">
      <Filter>src\language</Filter>
    </ClInclude>
    <ClInclude Include="src\language\language.h">
      <Filter>src\language</Filter>
    </ClInclude>
    <ClInclude Include="src\language\production.h">
      <Filter>src\language</Filter>
    </ClInclude>
    <ClInclude Include="src\language\symbol.h">
      <Filter>src\language</Filter>
    </ClInclude>
    <ClInclude Include="src\lib\regex-parser\Alphabet.h">
      <Filter>src\lib\regex-parser</Filter>
    </ClInclude>
    <ClInclude Include="src\lib\regex-parser\RegexMatcher.h">
      <Filter>src\lib\regex-parser</Filter>
    </ClInclude>
  </ItemGroup>
</Project>