<?xml version="1.0" encoding="utf-8"?>
<Project ToolsVersion="4.0" xmlns="http://schemas.microsoft.com/developer/msbuild/2003">
  <ItemGroup>
    <Filter Include="src">
      <UniqueIdentifier>{e5178aa9-8c0d-4de9-b2fc-a11d910b4e78}</UniqueIdentifier>
    </Filter>
    <Filter Include="src\c_language">
      <UniqueIdentifier>{88fb55e7-59f6-484f-ba6d-7736bc122273}</UniqueIdentifier>
    </Filter>
    <Filter Include="src\lib">
      <UniqueIdentifier>{3ded25aa-d094-4b92-8040-2b936d23673a}</UniqueIdentifier>
    </Filter>
  </ItemGroup>
  <ItemGroup>
    <ClCompile Include="..\..\..\src\c_language\c_grammar.cpp">
      <Filter>src\c_language</Filter>
    </ClCompile>
    <ClCompile Include="Source.cpp">
      <Filter>src</Filter>
    </ClCompile>
    <ClCompile Include="..\..\..\src\c_language\c_actions.cpp">
      <Filter>src\c_language</Filter>
    </ClCompile>
    <ClCompile Include="..\..\..\src\c_language\c_ast.cpp">
      <Filter>src\c_language</Filter>
    </ClCompile>
    <ClCompile Include="..\..\..\src\c_language\c_hc_lexer.cpp">
      <Filter>src\c_language</Filter>
    </ClCompile>
    <ClCompile Include="..\..\..\src\c_language\c_language.cpp">
      <Filter>src\c_language</Filter>
    </ClCompile>
    <ClCompile Include="..\..\..\src\c_language\c_object.cpp">
      <Filter>src\c_language</Filter>
    </ClCompile>
    <ClCompile Include="..\..\..\src\c_language\c_scope.cpp">
      <Filter>src\c_language</Filter>
    </ClCompile>
    <ClCompile Include="..\..\..\src\c_language\c_statement.cpp">
      <Filter>src\c_language</Filter>
    </ClCompile>
    <ClCompile Include="..\..\..\src\c_language\c_symbol.cpp">
      <Filter>src\c_language</Filter>
    </ClCompile>
    <ClCompile Include="..\..\..\src\c_language\c_symboltype.cpp">
      <Filter>src\c_language</Filter>
    </ClCompile>
    <ClCompile Include="..\..\..\src\c_language\c_value.cpp">
      <Filter>src\c_language</Filter>
    </ClCompile>
    <ClCompile Include="lib\file.cpp">
      <Filter>src\lib</Filter>
    </ClCompile>
    <ClCompile Include="lib\hashtable.cpp">
      <Filter>src\lib</Filter>
    </ClCompile>
    <ClCompile Include="lib\nametable.cpp">
      <Filter>src\lib</Filter>
    </ClCompile>
    <ClCompile Include="lib\osd_file.cpp">
      <Filter>src\lib</Filter>
    </ClCompile>
    <ClCompile Include="lib\stack.cpp">
      <Filter>src\lib</Filter>
    </ClCompile>
    <ClCompile Include="lib\string.cpp">
      <Filter>src\lib</Filter>
    </ClCompile>
  </ItemGroup>
  <ItemGroup>
    <ClInclude Include="..\..\..\src\c_language\c_actions_decl.h">
      <Filter>src\c_language</Filter>
    </ClInclude>
    <ClInclude Include="..\..\..\src\c_language\c_ast.h">
      <Filter>src\c_language</Filter>
    </ClInclude>
    <ClInclude Include="..\..\..\src\c_language\c_defs.h">
      <Filter>src\c_language</Filter>
    </ClInclude>
    <ClInclude Include="..\..\..\src\c_language\c_hc_lexer.h">
      <Filter>src\c_language</Filter>
    </ClInclude>
    <ClInclude Include="..\..\..\src\c_language\c_language.h">
      <Filter>src\c_language</Filter>
    </ClInclude>
    <ClInclude Include="..\..\..\src\c_language\c_object.h">
      <Filter>src\c_language</Filter>
    </ClInclude>
    <ClInclude Include="..\..\..\src\c_language\c_scope.h">
      <Filter>src\c_language</Filter>
    </ClInclude>
    <ClInclude Include="..\..\..\src\c_language\c_statement.h">
      <Filter>src\c_language</Filter>
    </ClInclude>
    <ClInclude Include="..\..\..\src\c_language\c_symbol.h">
      <Filter>src\c_language</Filter>
    </ClInclude>
    <ClInclude Include="..\..\..\src\c_language\c_symboltype.h">
      <Filter>src\c_language</Filter>
    </ClInclude>
    <ClInclude Include="..\..\..\src\c_language\c_value.h">
      <Filter>src\c_language</Filter>
    </ClInclude>
    <ClInclude Include="lib\file.h">
      <Filter>src\lib</Filter>
    </ClInclude>
    <ClInclude Include="lib\hashtable.h">
      <Filter>src\lib</Filter>
    </ClInclude>
    <ClInclude Include="lib\nametable.h">
      <Filter>src\lib</Filter>
    </ClInclude>
    <ClInclude Include="lib\osd_file.h">
      <Filter>src\lib</Filter>
    </ClInclude>
    <ClInclude Include="lib\stack.h">
      <Filter>src\lib</Filter>
    </ClInclude>
    <ClInclude Include="lib\string.h">
      <Filter>src\lib</Filter>
    </ClInclude>
    <ClInclude Include="lib\types.h">
      <Filter>src\lib</Filter>
    </ClInclude>
  </ItemGroup>
</Project>